Microsoft Visual Studio Solution File, Format Version 12.00
# Visual Studio Version 17
VisualStudioVersion = 17.10.34916.146
MinimumVisualStudioVersion = 10.0.40219.1
Project("{FAE04EC0-301F-11D3-BF4B-00C04F79EFBC}") = "WindowsApplication1", "WindowsApplication1\WindowsApplication1.csproj", "{6B616761-3701-45ED-9D27-307AA6BB84DA}"
EndProject
Global
	GlobalSection(SolutionConfigurationPlatforms) = preSolution
		Debug|Any CPU = Debug|Any CPU
		Release|Any CPU = Release|Any CPU
	EndGlobalSection
	GlobalSection(ProjectConfigurationPlatforms) = postSolution
		{6B616761-3701-45ED-9D27-307AA6BB84DA}.Debug|Any CPU.ActiveCfg = Debug|Any CPU
		{6B616761-3701-45ED-9D27-307AA6BB84DA}.Debug|Any CPU.Build.0 = Debug|Any CPU
		{6B616761-3701-45ED-9D27-307AA6BB84DA}.Release|Any CPU.ActiveCfg = Release|Any CPU
		{6B616761-3701-45ED-9D27-307AA6BB84DA}.Release|Any CPU.Build.0 = Release|Any CPU
	EndGlobalSection
	GlobalSection(SolutionProperties) = preSolution
		HideSolutionNode = FALSE
	EndGlobalSection
	GlobalSection(ExtensibilityGlobals) = postSolution
		SolutionGuid = {2A75A43E-519C-4C0D-AB15-255850CACA38}
	EndGlobalSection
EndGlobal
